// !$*UTF8*$!
{
	archiveVersion = 1;
	classes = {
	};
	objectVersion = 77;
	objects = {

/* Begin PBXBuildFile section */
		0B834CA275678EA161B227B8 /* RFNotificationCategories.swift in Sources */ = {isa = PBXBuildFile; fileRef = 240A8C922E1AA9FC4370EB66 /* RFNotificationCategories.swift */; };
		14C9CA87769B8AA9BF591CD7 /* RFNavigationPolicyTests.swift in Sources */ = {isa = PBXBuildFile; fileRef = A2CB1733C8B8CF3506B2EECF /* RFNavigationPolicyTests.swift */; };
		1CA998C627766237F2232BEB /* CapApp-SPM in Frameworks */ = {isa = PBXBuildFile; productRef = FD127B870EFB46EFAC91834E /* CapApp-SPM */; };
		24D56592F67F94D9058497D1 /* RFNavigationGuardPlugin.swift in Sources */ = {isa = PBXBuildFile; fileRef = 8BE33CF454F1F0F6DF314D28 /* RFNavigationGuardPlugin.swift */; };
		263EC72ACC94EA81C0875876 /* RFNavigationPolicy.swift in Sources */ = {isa = PBXBuildFile; fileRef = 3280AE9454EF04B8359BDF85 /* RFNavigationPolicy.swift */; };
		26E51AC20D9FE4119F144870 /* public in Resources */ = {isa = PBXBuildFile; fileRef = 7E5BBB12596EE01767A6151A /* public */; };
		33894972445A547C53525D94 /* PrivacyInfo.xcprivacy in Resources */ = {isa = PBXBuildFile; fileRef = 42299223C1270749CDB36540 /* PrivacyInfo.xcprivacy */; };
		3AF7580B0A81F4BFEDBA29D3 /* RFAppAppearance.swift in Sources */ = {isa = PBXBuildFile; fileRef = 622216AD4167E71D233283D2 /* RFAppAppearance.swift */; };
		3FB3C8C0634A765EE81D042E /* Assets.xcassets in Resources */ = {isa = PBXBuildFile; fileRef = 76989E05CECAD7B8B3C424A7 /* Assets.xcassets */; };
		5E04533C01261A377D816DB8 /* config.xml in Resources */ = {isa = PBXBuildFile; fileRef = 8776CD2CC1249496A6F18C86 /* config.xml */; };
		67740B5377F807ABF1532F55 /* SceneDelegate.swift in Sources */ = {isa = PBXBuildFile; fileRef = ED2016878D44EAA9692D059F /* SceneDelegate.swift */; };
		68B2EC11055CB5D986E5375C /* RFUITestScenarioPresenter.swift in Sources */ = {isa = PBXBuildFile; fileRef = AFCCCB3092C81FD27DC4E0EA /* RFUITestScenarioPresenter.swift */; };
		81138B00431411BE1EF97D97 /* capacitor.config.json in Resources */ = {isa = PBXBuildFile; fileRef = 68ED4E8FE0185474B6E8E85B /* capacitor.config.json */; };
		88E3D8D1BB2ECC7397D23961 /* RFPrivacyShieldControllerTests.swift in Sources */ = {isa = PBXBuildFile; fileRef = 4FF19BB43B19220629AA6B2E /* RFPrivacyShieldControllerTests.swift */; };
		92DC0B21E4AFFC5653961470 /* RFNotificationCategoriesTests.swift in Sources */ = {isa = PBXBuildFile; fileRef = 589FB473E240D6315F986110 /* RFNotificationCategoriesTests.swift */; };
		957A42AC86F0A535D3939C7A /* RFNativeSupportPlugin.swift in Sources */ = {isa = PBXBuildFile; fileRef = 8953F53BFDA0EFC604756116 /* RFNativeSupportPlugin.swift */; };
		A191A0E191A9EE4CC9D4EE69 /* RFMetricDiagnosticsTests.swift in Sources */ = {isa = PBXBuildFile; fileRef = BB0B5EAA779CB6FD13B849DF /* RFMetricDiagnosticsTests.swift */; };
		BDD62DB7939B82FB0F23045B /* Main.storyboard in Resources */ = {isa = PBXBuildFile; fileRef = 28B1A1BF8EA2250668DE895A /* Main.storyboard */; };
		CC69C3D9EB02E606D173B8A3 /* RFAppUITests.swift in Sources */ = {isa = PBXBuildFile; fileRef = 615AC0D77AB330D112B320C3 /* RFAppUITests.swift */; };
		CDF83EAD4C8F6B8B5720F7DA /* LaunchScreen.storyboard in Resources */ = {isa = PBXBuildFile; fileRef = FBB7F3A93AACFA90AAD269E9 /* LaunchScreen.storyboard */; };
		D97F205D3B83A07D6131BC10 /* RFBridgeViewController.swift in Sources */ = {isa = PBXBuildFile; fileRef = F053E89B5523BC9B7261B1A2 /* RFBridgeViewController.swift */; };
		E1E875322B4251A74EACA05A /* RFMetricDiagnostics.swift in Sources */ = {isa = PBXBuildFile; fileRef = 4F2FAA8EED30E35841F157BF /* RFMetricDiagnostics.swift */; };
		E8E03F4FB1BE61A377693A7C /* AppDelegate.swift in Sources */ = {isa = PBXBuildFile; fileRef = 9420949282AB92AA28A975D3 /* AppDelegate.swift */; };
		EBB76845EA523254E45CBF0B /* RFPrivacyShieldController.swift in Sources */ = {isa = PBXBuildFile; fileRef = 90CD303B8AA85DE12625B5B3 /* RFPrivacyShieldController.swift */; };
/* End PBXBuildFile section */

/* Begin PBXContainerItemProxy section */
		153CAF5D8AA6467EC9F5920C /* PBXContainerItemProxy */ = {
			isa = PBXContainerItemProxy;
			containerPortal = 6B590BF25178DC7D824D09CE /* Project object */;
			proxyType = 1;
			remoteGlobalIDString = 93E9E330FC2CE7458D9C925F;
			remoteInfo = App;
		};
		32EAB22E4CA94300DDDCDCCB /* PBXContainerItemProxy */ = {
			isa = PBXContainerItemProxy;
			containerPortal = 6B590BF25178DC7D824D09CE /* Project object */;
			proxyType = 1;
			remoteGlobalIDString = 93E9E330FC2CE7458D9C925F;
			remoteInfo = App;
		};
/* End PBXContainerItemProxy section */

/* Begin PBXFileReference section */
		240A8C922E1AA9FC4370EB66 /* RFNotificationCategories.swift */ = {isa = PBXFileReference; lastKnownFileType = sourcecode.swift; path = RFNotificationCategories.swift; sourceTree = "<group>"; };
		28B1A1BF8EA2250668DE895A /* Main.storyboard */ = {isa = PBXFileReference; lastKnownFileType = file.storyboard; path = Main.storyboard; sourceTree = "<group>"; };
		3280AE9454EF04B8359BDF85 /* RFNavigationPolicy.swift */ = {isa = PBXFileReference; lastKnownFileType = sourcecode.swift; path = RFNavigationPolicy.swift; sourceTree = "<group>"; };
		42299223C1270749CDB36540 /* PrivacyInfo.xcprivacy */ = {isa = PBXFileReference; path = PrivacyInfo.xcprivacy; sourceTree = "<group>"; };
		49D88A349FD70A9153DD2C03 /* App.app */ = {isa = PBXFileReference; includeInIndex = 0; lastKnownFileType = wrapper.application; path = App.app; sourceTree = BUILT_PRODUCTS_DIR; };
		4F2FAA8EED30E35841F157BF /* RFMetricDiagnostics.swift */ = {isa = PBXFileReference; lastKnownFileType = sourcecode.swift; path = RFMetricDiagnostics.swift; sourceTree = "<group>"; };
		4FF19BB43B19220629AA6B2E /* RFPrivacyShieldControllerTests.swift */ = {isa = PBXFileReference; lastKnownFileType = sourcecode.swift; path = RFPrivacyShieldControllerTests.swift; sourceTree = "<group>"; };
		589FB473E240D6315F986110 /* RFNotificationCategoriesTests.swift */ = {isa = PBXFileReference; lastKnownFileType = sourcecode.swift; path = RFNotificationCategoriesTests.swift; sourceTree = "<group>"; };
		615AC0D77AB330D112B320C3 /* RFAppUITests.swift */ = {isa = PBXFileReference; lastKnownFileType = sourcecode.swift; path = RFAppUITests.swift; sourceTree = "<group>"; };
		622216AD4167E71D233283D2 /* RFAppAppearance.swift */ = {isa = PBXFileReference; lastKnownFileType = sourcecode.swift; path = RFAppAppearance.swift; sourceTree = "<group>"; };
		68ED4E8FE0185474B6E8E85B /* capacitor.config.json */ = {isa = PBXFileReference; lastKnownFileType = text.json; path = capacitor.config.json; sourceTree = "<group>"; };
		6B04ADF7B81E144C4949AE51 /* CapApp-SPM */ = {isa = PBXFileReference; lastKnownFileType = folder; name = "CapApp-SPM"; path = "CapApp-SPM"; sourceTree = SOURCE_ROOT; };
		76989E05CECAD7B8B3C424A7 /* Assets.xcassets */ = {isa = PBXFileReference; lastKnownFileType = folder.assetcatalog; path = Assets.xcassets; sourceTree = "<group>"; };
		77F070B46A94D035DD2F7165 /* AppUITests.xctest */ = {isa = PBXFileReference; includeInIndex = 0; lastKnownFileType = wrapper.cfbundle; path = AppUITests.xctest; sourceTree = BUILT_PRODUCTS_DIR; };
		7D2AEC5B428FFE44C9BA1261 /* debug.xcconfig */ = {isa = PBXFileReference; lastKnownFileType = text.xcconfig; path = debug.xcconfig; sourceTree = "<group>"; };
		7E5BBB12596EE01767A6151A /* public */ = {isa = PBXFileReference; lastKnownFileType = folder; name = public; path = App/public; sourceTree = SOURCE_ROOT; };
		8776CD2CC1249496A6F18C86 /* config.xml */ = {isa = PBXFileReference; lastKnownFileType = text.xml; path = config.xml; sourceTree = "<group>"; };
		8953F53BFDA0EFC604756116 /* RFNativeSupportPlugin.swift */ = {isa = PBXFileReference; lastKnownFileType = sourcecode.swift; path = RFNativeSupportPlugin.swift; sourceTree = "<group>"; };
		8BE33CF454F1F0F6DF314D28 /* RFNavigationGuardPlugin.swift */ = {isa = PBXFileReference; lastKnownFileType = sourcecode.swift; path = RFNavigationGuardPlugin.swift; sourceTree = "<group>"; };
		90CD303B8AA85DE12625B5B3 /* RFPrivacyShieldController.swift */ = {isa = PBXFileReference; lastKnownFileType = sourcecode.swift; path = RFPrivacyShieldController.swift; sourceTree = "<group>"; };
		9420949282AB92AA28A975D3 /* AppDelegate.swift */ = {isa = PBXFileReference; lastKnownFileType = sourcecode.swift; path = AppDelegate.swift; sourceTree = "<group>"; };
		A2CB1733C8B8CF3506B2EECF /* RFNavigationPolicyTests.swift */ = {isa = PBXFileReference; lastKnownFileType = sourcecode.swift; path = RFNavigationPolicyTests.swift; sourceTree = "<group>"; };
		AFCCCB3092C81FD27DC4E0EA /* RFUITestScenarioPresenter.swift */ = {isa = PBXFileReference; lastKnownFileType = sourcecode.swift; path = RFUITestScenarioPresenter.swift; sourceTree = "<group>"; };
		BB0B5EAA779CB6FD13B849DF /* RFMetricDiagnosticsTests.swift */ = {isa = PBXFileReference; lastKnownFileType = sourcecode.swift; path = RFMetricDiagnosticsTests.swift; sourceTree = "<group>"; };
		BC6305F27C5676CAE24CAFA2 /* App.entitlements */ = {isa = PBXFileReference; lastKnownFileType = text.plist.entitlements; path = App.entitlements; sourceTree = "<group>"; };
		C8A9A2F9E029400EE1562218 /* AppTests.xctest */ = {isa = PBXFileReference; includeInIndex = 0; lastKnownFileType = wrapper.cfbundle; path = AppTests.xctest; sourceTree = BUILT_PRODUCTS_DIR; };
		ED2016878D44EAA9692D059F /* SceneDelegate.swift */ = {isa = PBXFileReference; lastKnownFileType = sourcecode.swift; path = SceneDelegate.swift; sourceTree = "<group>"; };
		F0275BE2A2992DF9A5A52E9D /* App.Debug.entitlements */ = {isa = PBXFileReference; lastKnownFileType = text.plist.entitlements; path = App.Debug.entitlements; sourceTree = "<group>"; };
		F053E89B5523BC9B7261B1A2 /* RFBridgeViewController.swift */ = {isa = PBXFileReference; lastKnownFileType = sourcecode.swift; path = RFBridgeViewController.swift; sourceTree = "<group>"; };
		FBB7F3A93AACFA90AAD269E9 /* LaunchScreen.storyboard */ = {isa = PBXFileReference; lastKnownFileType = file.storyboard; path = LaunchScreen.storyboard; sourceTree = "<group>"; };
/* End PBXFileReference section */

/* Begin PBXFrameworksBuildPhase section */
		BC0DC3536DED64E0E8C9923E /* Frameworks */ = {
			isa = PBXFrameworksBuildPhase;
			buildActionMask = 2147483647;
			files = (
				1CA998C627766237F2232BEB /* CapApp-SPM in Frameworks */,
			);
			runOnlyForDeploymentPostprocessing = 0;
		};
/* End PBXFrameworksBuildPhase section */

/* Begin PBXGroup section */
		3758C7D38467770096A83ED5 /* AppTests */ = {
			isa = PBXGroup;
			children = (
				BB0B5EAA779CB6FD13B849DF /* RFMetricDiagnosticsTests.swift */,
				A2CB1733C8B8CF3506B2EECF /* RFNavigationPolicyTests.swift */,
				589FB473E240D6315F986110 /* RFNotificationCategoriesTests.swift */,
				4FF19BB43B19220629AA6B2E /* RFPrivacyShieldControllerTests.swift */,
			);
			path = AppTests;
			sourceTree = "<group>";
		};
		4102E3E068508DD683953C7D = {
			isa = PBXGroup;
			children = (
				443E9F32F0EC65EEBF466F3B /* App */,
				3758C7D38467770096A83ED5 /* AppTests */,
				9ACB69BD4D16D27DDA9609F6 /* AppUITests */,
				92ACA850132D7931F18F9889 /* ios */,
				A09E2501204CB86B4B2B6562 /* Packages */,
				E9C3DB3EC6D7655028A9C0D3 /* Products */,
			);
			sourceTree = "<group>";
		};
		443E9F32F0EC65EEBF466F3B /* App */ = {
			isa = PBXGroup;
			children = (
				E05E71B97A6A586F5EBAE26A /* Application */,
				59DC5B49BA4049CD7FDC223A /* Base.lproj */,
				F0275BE2A2992DF9A5A52E9D /* App.Debug.entitlements */,
				BC6305F27C5676CAE24CAFA2 /* App.entitlements */,
				9420949282AB92AA28A975D3 /* AppDelegate.swift */,
				76989E05CECAD7B8B3C424A7 /* Assets.xcassets */,
				68ED4E8FE0185474B6E8E85B /* capacitor.config.json */,
				8776CD2CC1249496A6F18C86 /* config.xml */,
				42299223C1270749CDB36540 /* PrivacyInfo.xcprivacy */,
				7E5BBB12596EE01767A6151A /* public */,
				ED2016878D44EAA9692D059F /* SceneDelegate.swift */,
			);
			path = App;
			sourceTree = "<group>";
		};
		59DC5B49BA4049CD7FDC223A /* Base.lproj */ = {
			isa = PBXGroup;
			children = (
				FBB7F3A93AACFA90AAD269E9 /* LaunchScreen.storyboard */,
				28B1A1BF8EA2250668DE895A /* Main.storyboard */,
			);
			path = Base.lproj;
			sourceTree = "<group>";
		};
		92ACA850132D7931F18F9889 /* ios */ = {
			isa = PBXGroup;
			children = (
				7D2AEC5B428FFE44C9BA1261 /* debug.xcconfig */,
			);
			name = ios;
			path = ..;
			sourceTree = "<group>";
		};
		9ACB69BD4D16D27DDA9609F6 /* AppUITests */ = {
			isa = PBXGroup;
			children = (
				615AC0D77AB330D112B320C3 /* RFAppUITests.swift */,
			);
			path = AppUITests;
			sourceTree = "<group>";
		};
		A09E2501204CB86B4B2B6562 /* Packages */ = {
			isa = PBXGroup;
			children = (
				6B04ADF7B81E144C4949AE51 /* CapApp-SPM */,
			);
			name = Packages;
			sourceTree = "<group>";
		};
		E05E71B97A6A586F5EBAE26A /* Application */ = {
			isa = PBXGroup;
			children = (
				622216AD4167E71D233283D2 /* RFAppAppearance.swift */,
				F053E89B5523BC9B7261B1A2 /* RFBridgeViewController.swift */,
				4F2FAA8EED30E35841F157BF /* RFMetricDiagnostics.swift */,
				8953F53BFDA0EFC604756116 /* RFNativeSupportPlugin.swift */,
				8BE33CF454F1F0F6DF314D28 /* RFNavigationGuardPlugin.swift */,
				3280AE9454EF04B8359BDF85 /* RFNavigationPolicy.swift */,
				240A8C922E1AA9FC4370EB66 /* RFNotificationCategories.swift */,
				90CD303B8AA85DE12625B5B3 /* RFPrivacyShieldController.swift */,
				AFCCCB3092C81FD27DC4E0EA /* RFUITestScenarioPresenter.swift */,
			);
			path = Application;
			sourceTree = "<group>";
		};
		E9C3DB3EC6D7655028A9C0D3 /* Products */ = {
			isa = PBXGroup;
			children = (
				49D88A349FD70A9153DD2C03 /* App.app */,
				C8A9A2F9E029400EE1562218 /* AppTests.xctest */,
				77F070B46A94D035DD2F7165 /* AppUITests.xctest */,
			);
			name = Products;
			sourceTree = "<group>";
		};
/* End PBXGroup section */

/* Begin PBXNativeTarget section */
		93E9E330FC2CE7458D9C925F /* App */ = {
			isa = PBXNativeTarget;
			buildConfigurationList = FFC1863BD4026D2C17CBE82B /* Build configuration list for PBXNativeTarget "App" */;
			buildPhases = (
				7F4BDDF9013AA3EBCEAD0F28 /* Validate Release Server */,
				B77F0AF073564580D75A2CF1 /* Sources */,
				37BFF6A8CB5CC7FA21AD3FA3 /* Resources */,
				BC0DC3536DED64E0E8C9923E /* Frameworks */,
			);
			buildRules = (
			);
			dependencies = (
			);
			name = App;
			packageProductDependencies = (
				FD127B870EFB46EFAC91834E /* CapApp-SPM */,
			);
			productName = App;
			productReference = 49D88A349FD70A9153DD2C03 /* App.app */;
			productType = "com.apple.product-type.application";
		};
		99DCC7BD0ABB09C467644299 /* AppTests */ = {
			isa = PBXNativeTarget;
			buildConfigurationList = E5F9A71B7F6D259DCE5E1FD0 /* Build configuration list for PBXNativeTarget "AppTests" */;
			buildPhases = (
				F2209317AB8C886394D02ACA /* Sources */,
			);
			buildRules = (
			);
			dependencies = (
				96AA6D50C1AA746282D306B3 /* PBXTargetDependency */,
			);
			name = AppTests;
			packageProductDependencies = (
			);
			productName = AppTests;
			productReference = C8A9A2F9E029400EE1562218 /* AppTests.xctest */;
			productType = "com.apple.product-type.bundle.unit-test";
		};
		C460F2384F904D87838B32F7 /* AppUITests */ = {
			isa = PBXNativeTarget;
			buildConfigurationList = 3F778A5D58B271B27B6A13EE /* Build configuration list for PBXNativeTarget "AppUITests" */;
			buildPhases = (
				049B66CF9C6C34AA66A24E6E /* Sources */,
			);
			buildRules = (
			);
			dependencies = (
				31D421ABCD4F6B5F08290174 /* PBXTargetDependency */,
			);
			name = AppUITests;
			packageProductDependencies = (
			);
			productName = AppUITests;
			productReference = 77F070B46A94D035DD2F7165 /* AppUITests.xctest */;
			productType = "com.apple.product-type.bundle.ui-testing";
		};
/* End PBXNativeTarget section */

/* Begin PBXProject section */
		6B590BF25178DC7D824D09CE /* Project object */ = {
			isa = PBXProject;
			attributes = {
				BuildIndependentTargetsInParallel = YES;
				LastUpgradeCheck = 1430;
				TargetAttributes = {
					93E9E330FC2CE7458D9C925F = {
						DevelopmentTeam = 94BK7NCPL9;
						ProvisioningStyle = Automatic;
					};
					99DCC7BD0ABB09C467644299 = {
						DevelopmentTeam = 94BK7NCPL9;
						ProvisioningStyle = Automatic;
					};
					C460F2384F904D87838B32F7 = {
						DevelopmentTeam = 94BK7NCPL9;
						ProvisioningStyle = Automatic;
						TestTargetID = 93E9E330FC2CE7458D9C925F;
					};
				};
			};
			buildConfigurationList = B3FD05C59F197F398A0B04AB /* Build configuration list for PBXProject "App" */;
			developmentRegion = en;
			hasScannedForEncodings = 0;
			knownRegions = (
				Base,
				en,
			);
			mainGroup = 4102E3E068508DD683953C7D;
			minimizedProjectReferenceProxies = 1;
			packageReferences = (
				397805CC4E683B158816CC6E /* XCLocalSwiftPackageReference "CapApp-SPM" */,
			);
			preferredProjectObjectVersion = 77;
			productRefGroup = E9C3DB3EC6D7655028A9C0D3 /* Products */;
			projectDirPath = "";
			projectRoot = "";
			targets = (
				93E9E330FC2CE7458D9C925F /* App */,
				99DCC7BD0ABB09C467644299 /* AppTests */,
				C460F2384F904D87838B32F7 /* AppUITests */,
			);
		};
/* End PBXProject section */

/* Begin PBXResourcesBuildPhase section */
		37BFF6A8CB5CC7FA21AD3FA3 /* Resources */ = {
			isa = PBXResourcesBuildPhase;
			buildActionMask = 2147483647;
			files = (
				3FB3C8C0634A765EE81D042E /* Assets.xcassets in Resources */,
				CDF83EAD4C8F6B8B5720F7DA /* LaunchScreen.storyboard in Resources */,
				BDD62DB7939B82FB0F23045B /* Main.storyboard in Resources */,
				33894972445A547C53525D94 /* PrivacyInfo.xcprivacy in Resources */,
				81138B00431411BE1EF97D97 /* capacitor.config.json in Resources */,
				5E04533C01261A377D816DB8 /* config.xml in Resources */,
				26E51AC20D9FE4119F144870 /* public in Resources */,
			);
			runOnlyForDeploymentPostprocessing = 0;
		};
/* End PBXResourcesBuildPhase section */

/* Begin PBXShellScriptBuildPhase section */
		7F4BDDF9013AA3EBCEAD0F28 /* Validate Release Server */ = {
			isa = PBXShellScriptBuildPhase;
			alwaysOutOfDate = 1;
			buildActionMask = 2147483647;
			files = (
			);
			inputFileListPaths = (
			);
			inputPaths = (
				"$(SRCROOT)/App/capacitor.config.json",
			);
			name = "Validate Release Server";
			outputFileListPaths = (
			);
			outputPaths = (
			);
			runOnlyForDeploymentPostprocessing = 0;
			shellPath = /bin/sh;
			shellScript = "if [ \"$CONFIGURATION\" != \"Release\" ]; then\n  exit 0\nfi\nCONFIG_FILE=\"$SRCROOT/App/capacitor.config.json\"\nif ! /usr/bin/grep -Eq '\"url\"[[:space:]]*:[[:space:]]*\"https://tools\\.rftransparent\\.ca\"' \"$CONFIG_FILE\"; then\n  echo \"error: Release builds must target https://tools.rftransparent.ca. Run npm run cap:sync:prod first.\"\n  exit 1\nfi\nif /usr/bin/grep -Eqi 'localhost|127\\.0\\.0\\.1|\"cleartext\"[[:space:]]*:[[:space:]]*true' \"$CONFIG_FILE\"; then\n  echo \"error: Release builds cannot contain a local server or cleartext setting. Run npm run cap:sync:prod first.\"\n  exit 1\nfi\n";
		};
/* End PBXShellScriptBuildPhase section */

/* Begin PBXSourcesBuildPhase section */
		049B66CF9C6C34AA66A24E6E /* Sources */ = {
			isa = PBXSourcesBuildPhase;
			buildActionMask = 2147483647;
			files = (
				CC69C3D9EB02E606D173B8A3 /* RFAppUITests.swift in Sources */,
			);
			runOnlyForDeploymentPostprocessing = 0;
		};
		B77F0AF073564580D75A2CF1 /* Sources */ = {
			isa = PBXSourcesBuildPhase;
			buildActionMask = 2147483647;
			files = (
				E8E03F4FB1BE61A377693A7C /* AppDelegate.swift in Sources */,
				3AF7580B0A81F4BFEDBA29D3 /* RFAppAppearance.swift in Sources */,
				D97F205D3B83A07D6131BC10 /* RFBridgeViewController.swift in Sources */,
				E1E875322B4251A74EACA05A /* RFMetricDiagnostics.swift in Sources */,
				957A42AC86F0A535D3939C7A /* RFNativeSupportPlugin.swift in Sources */,
				24D56592F67F94D9058497D1 /* RFNavigationGuardPlugin.swift in Sources */,
				263EC72ACC94EA81C0875876 /* RFNavigationPolicy.swift in Sources */,
				0B834CA275678EA161B227B8 /* RFNotificationCategories.swift in Sources */,
				EBB76845EA523254E45CBF0B /* RFPrivacyShieldController.swift in Sources */,
				68B2EC11055CB5D986E5375C /* RFUITestScenarioPresenter.swift in Sources */,
				67740B5377F807ABF1532F55 /* SceneDelegate.swift in Sources */,
			);
			runOnlyForDeploymentPostprocessing = 0;
		};
		F2209317AB8C886394D02ACA /* Sources */ = {
			isa = PBXSourcesBuildPhase;
			buildActionMask = 2147483647;
			files = (
				A191A0E191A9EE4CC9D4EE69 /* RFMetricDiagnosticsTests.swift in Sources */,
				14C9CA87769B8AA9BF591CD7 /* RFNavigationPolicyTests.swift in Sources */,
				92DC0B21E4AFFC5653961470 /* RFNotificationCategoriesTests.swift in Sources */,
				88E3D8D1BB2ECC7397D23961 /* RFPrivacyShieldControllerTests.swift in Sources */,
			);
			runOnlyForDeploymentPostprocessing = 0;
		};
/* End PBXSourcesBuildPhase section */

/* Begin PBXTargetDependency section */
		31D421ABCD4F6B5F08290174 /* PBXTargetDependency */ = {
			isa = PBXTargetDependency;
			target = 93E9E330FC2CE7458D9C925F /* App */;
			targetProxy = 153CAF5D8AA6467EC9F5920C /* PBXContainerItemProxy */;
		};
		96AA6D50C1AA746282D306B3 /* PBXTargetDependency */ = {
			isa = PBXTargetDependency;
			target = 93E9E330FC2CE7458D9C925F /* App */;
			targetProxy = 32EAB22E4CA94300DDDCDCCB /* PBXContainerItemProxy */;
		};
/* End PBXTargetDependency section */

/* Begin XCBuildConfiguration section */
		1932487F2E9FB8ADDC383B96 /* Debug */ = {
			isa = XCBuildConfiguration;
			buildSettings = {
				BUNDLE_LOADER = "$(TEST_HOST)";
				CODE_SIGN_STYLE = Automatic;
				DEVELOPMENT_TEAM = 94BK7NCPL9;
				GENERATE_INFOPLIST_FILE = YES;
				LD_RUNPATH_SEARCH_PATHS = (
					"$(inherited)",
					"@executable_path/Frameworks",
					"@loader_path/Frameworks",
				);
				PRODUCT_BUNDLE_IDENTIFIER = ca.rftransparent.tools.uitests;
				SDKROOT = iphoneos;
				TARGETED_DEVICE_FAMILY = "1,2";
				TEST_TARGET_NAME = App;
			};
			name = Debug;
		};
		2EF40DF1E108E618D0D1371B /* Release */ = {
			isa = XCBuildConfiguration;
			buildSettings = {
				BUNDLE_LOADER = "$(TEST_HOST)";
				CODE_SIGN_STYLE = Automatic;
				DEVELOPMENT_TEAM = 94BK7NCPL9;
				GENERATE_INFOPLIST_FILE = YES;
				LD_RUNPATH_SEARCH_PATHS = (
					"$(inherited)",
					"@executable_path/Frameworks",
					"@loader_path/Frameworks",
				);
				PRODUCT_BUNDLE_IDENTIFIER = ca.rftransparent.tools.tests;
				SDKROOT = iphoneos;
				TARGETED_DEVICE_FAMILY = "1,2";
				TEST_HOST = "$(BUILT_PRODUCTS_DIR)/App.app/App";
			};
			name = Release;
		};
		4A0C935808978B5A7673E412 /* Debug */ = {
			isa = XCBuildConfiguration;
			baseConfigurationReference = 7D2AEC5B428FFE44C9BA1261 /* debug.xcconfig */;
			buildSettings = {
				ASSETCATALOG_COMPILER_APPICON_NAME = AppIcon;
				CODE_SIGN_ENTITLEMENTS = App/App.Debug.entitlements;
				CODE_SIGN_IDENTITY = "iPhone Developer";
				CODE_SIGN_STYLE = Automatic;
				CURRENT_PROJECT_VERSION = 3;
				DEVELOPMENT_TEAM = 94BK7NCPL9;
				GENERATE_INFOPLIST_FILE = NO;
				INFOPLIST_FILE = App/Info.plist;
				LD_RUNPATH_SEARCH_PATHS = (
					"$(inherited)",
					"@executable_path/Frameworks",
				);
				MARKETING_VERSION = 1.0;
				OTHER_SWIFT_FLAGS = "$(inherited) -D COCOAPODS -DDEBUG";
				PRODUCT_BUNDLE_IDENTIFIER = ca.rftransparent.tools;
				PRODUCT_NAME = "$(TARGET_NAME)";
				SDKROOT = iphoneos;
				TARGETED_DEVICE_FAMILY = "1,2";
			};
			name = Debug;
		};
		5C9EF0E6AF4F9491454DE177 /* Release */ = {
			isa = XCBuildConfiguration;
			buildSettings = {
				ALWAYS_SEARCH_USER_PATHS = NO;
				CLANG_ANALYZER_NONNULL = YES;
				CLANG_ANALYZER_NUMBER_OBJECT_CONVERSION = YES_AGGRESSIVE;
				CLANG_CXX_LANGUAGE_STANDARD = "gnu++14";
				CLANG_CXX_LIBRARY = "libc++";
				CLANG_ENABLE_MODULES = YES;
				CLANG_ENABLE_OBJC_ARC = YES;
				CLANG_ENABLE_OBJC_WEAK = YES;
				CLANG_WARN_BLOCK_CAPTURE_AUTORELEASING = YES;
				CLANG_WARN_BOOL_CONVERSION = YES;
				CLANG_WARN_COMMA = YES;
				CLANG_WARN_CONSTANT_CONVERSION = YES;
				CLANG_WARN_DEPRECATED_OBJC_IMPLEMENTATIONS = YES;
				CLANG_WARN_DIRECT_OBJC_ISA_USAGE = YES_ERROR;
				CLANG_WARN_DOCUMENTATION_COMMENTS = YES;
				CLANG_WARN_EMPTY_BODY = YES;
				CLANG_WARN_ENUM_CONVERSION = YES;
				CLANG_WARN_INFINITE_RECURSION = YES;
				CLANG_WARN_INT_CONVERSION = YES;
				CLANG_WARN_NON_LITERAL_NULL_CONVERSION = YES;
				CLANG_WARN_OBJC_IMPLICIT_RETAIN_SELF = YES;
				CLANG_WARN_OBJC_LITERAL_CONVERSION = YES;
				CLANG_WARN_OBJC_ROOT_CLASS = YES_ERROR;
				CLANG_WARN_QUOTED_INCLUDE_IN_FRAMEWORK_HEADER = YES;
				CLANG_WARN_RANGE_LOOP_ANALYSIS = YES;
				CLANG_WARN_STRICT_PROTOTYPES = YES;
				CLANG_WARN_SUSPICIOUS_MOVE = YES;
				CLANG_WARN_UNGUARDED_AVAILABILITY = YES_AGGRESSIVE;
				CLANG_WARN_UNREACHABLE_CODE = YES;
				CLANG_WARN__DUPLICATE_METHOD_MATCH = YES;
				COPY_PHASE_STRIP = NO;
				DEBUG_INFORMATION_FORMAT = "dwarf-with-dsym";
				ENABLE_NS_ASSERTIONS = NO;
				ENABLE_STRICT_OBJC_MSGSEND = YES;
				GCC_C_LANGUAGE_STANDARD = gnu11;
				GCC_NO_COMMON_BLOCKS = YES;
				GCC_WARN_64_TO_32_BIT_CONVERSION = YES;
				GCC_WARN_ABOUT_RETURN_TYPE = YES_ERROR;
				GCC_WARN_UNDECLARED_SELECTOR = YES;
				GCC_WARN_UNINITIALIZED_AUTOS = YES_AGGRESSIVE;
				GCC_WARN_UNUSED_FUNCTION = YES;
				GCC_WARN_UNUSED_VARIABLE = YES;
				IPHONEOS_DEPLOYMENT_TARGET = 15.0;
				MTL_ENABLE_DEBUG_INFO = NO;
				MTL_FAST_MATH = YES;
				PRODUCT_NAME = "$(TARGET_NAME)";
				SDKROOT = iphoneos;
				SWIFT_COMPILATION_MODE = wholemodule;
				SWIFT_OPTIMIZATION_LEVEL = "-O";
				SWIFT_VERSION = 5.0;
			};
			name = Release;
		};
		BD25F0BD6670BC892D41A30E /* Release */ = {
			isa = XCBuildConfiguration;
			buildSettings = {
				BUNDLE_LOADER = "$(TEST_HOST)";
				CODE_SIGN_STYLE = Automatic;
				DEVELOPMENT_TEAM = 94BK7NCPL9;
				GENERATE_INFOPLIST_FILE = YES;
				LD_RUNPATH_SEARCH_PATHS = (
					"$(inherited)",
					"@executable_path/Frameworks",
					"@loader_path/Frameworks",
				);
				PRODUCT_BUNDLE_IDENTIFIER = ca.rftransparent.tools.uitests;
				SDKROOT = iphoneos;
				TARGETED_DEVICE_FAMILY = "1,2";
				TEST_TARGET_NAME = App;
			};
			name = Release;
		};
		E8D703594B18D360433E4667 /* Debug */ = {
			isa = XCBuildConfiguration;
			buildSettings = {
				BUNDLE_LOADER = "$(TEST_HOST)";
				CODE_SIGN_STYLE = Automatic;
				DEVELOPMENT_TEAM = 94BK7NCPL9;
				GENERATE_INFOPLIST_FILE = YES;
				LD_RUNPATH_SEARCH_PATHS = (
					"$(inherited)",
					"@executable_path/Frameworks",
					"@loader_path/Frameworks",
				);
				PRODUCT_BUNDLE_IDENTIFIER = ca.rftransparent.tools.tests;
				SDKROOT = iphoneos;
				TARGETED_DEVICE_FAMILY = "1,2";
				TEST_HOST = "$(BUILT_PRODUCTS_DIR)/App.app/App";
			};
			name = Debug;
		};
		EB1CC3A930E09FEBECF9195D /* Release */ = {
			isa = XCBuildConfiguration;
			buildSettings = {
				ASSETCATALOG_COMPILER_APPICON_NAME = AppIcon;
				CODE_SIGN_ENTITLEMENTS = App/App.entitlements;
				CODE_SIGN_IDENTITY = "iPhone Developer";
				CODE_SIGN_STYLE = Automatic;
				CURRENT_PROJECT_VERSION = 3;
				DEVELOPMENT_TEAM = 94BK7NCPL9;
				GENERATE_INFOPLIST_FILE = NO;
				INFOPLIST_FILE = App/Info.plist;
				LD_RUNPATH_SEARCH_PATHS = (
					"$(inherited)",
					"@executable_path/Frameworks",
				);
				MARKETING_VERSION = 1.0;
				PRODUCT_BUNDLE_IDENTIFIER = ca.rftransparent.tools;
				PRODUCT_NAME = "$(TARGET_NAME)";
				SDKROOT = iphoneos;
				SWIFT_ACTIVE_COMPILATION_CONDITIONS = "";
				TARGETED_DEVICE_FAMILY = "1,2";
			};
			name = Release;
		};
		F61063B78755D98B1B9C3697 /* Debug */ = {
			isa = XCBuildConfiguration;
			buildSettings = {
				ALWAYS_SEARCH_USER_PATHS = NO;
				CLANG_ANALYZER_NONNULL = YES;
				CLANG_ANALYZER_NUMBER_OBJECT_CONVERSION = YES_AGGRESSIVE;
				CLANG_CXX_LANGUAGE_STANDARD = "gnu++14";
				CLANG_CXX_LIBRARY = "libc++";
				CLANG_ENABLE_MODULES = YES;
				CLANG_ENABLE_OBJC_ARC = YES;
				CLANG_ENABLE_OBJC_WEAK = YES;
				CLANG_WARN_BLOCK_CAPTURE_AUTORELEASING = YES;
				CLANG_WARN_BOOL_CONVERSION = YES;
				CLANG_WARN_COMMA = YES;
				CLANG_WARN_CONSTANT_CONVERSION = YES;
				CLANG_WARN_DEPRECATED_OBJC_IMPLEMENTATIONS = YES;
				CLANG_WARN_DIRECT_OBJC_ISA_USAGE = YES_ERROR;
				CLANG_WARN_DOCUMENTATION_COMMENTS = YES;
				CLANG_WARN_EMPTY_BODY = YES;
				CLANG_WARN_ENUM_CONVERSION = YES;
				CLANG_WARN_INFINITE_RECURSION = YES;
				CLANG_WARN_INT_CONVERSION = YES;
				CLANG_WARN_NON_LITERAL_NULL_CONVERSION = YES;
				CLANG_WARN_OBJC_IMPLICIT_RETAIN_SELF = YES;
				CLANG_WARN_OBJC_LITERAL_CONVERSION = YES;
				CLANG_WARN_OBJC_ROOT_CLASS = YES_ERROR;
				CLANG_WARN_QUOTED_INCLUDE_IN_FRAMEWORK_HEADER = YES;
				CLANG_WARN_RANGE_LOOP_ANALYSIS = YES;
				CLANG_WARN_STRICT_PROTOTYPES = YES;
				CLANG_WARN_SUSPICIOUS_MOVE = YES;
				CLANG_WARN_UNGUARDED_AVAILABILITY = YES_AGGRESSIVE;
				CLANG_WARN_UNREACHABLE_CODE = YES;
				CLANG_WARN__DUPLICATE_METHOD_MATCH = YES;
				COPY_PHASE_STRIP = NO;
				DEBUG_INFORMATION_FORMAT = dwarf;
				ENABLE_STRICT_OBJC_MSGSEND = YES;
				ENABLE_TESTABILITY = YES;
				GCC_C_LANGUAGE_STANDARD = gnu11;
				GCC_DYNAMIC_NO_PIC = NO;
				GCC_NO_COMMON_BLOCKS = YES;
				GCC_OPTIMIZATION_LEVEL = 0;
				GCC_PREPROCESSOR_DEFINITIONS = (
					"$(inherited)",
					"DEBUG=1",
				);
				GCC_WARN_64_TO_32_BIT_CONVERSION = YES;
				GCC_WARN_ABOUT_RETURN_TYPE = YES_ERROR;
				GCC_WARN_UNDECLARED_SELECTOR = YES;
				GCC_WARN_UNINITIALIZED_AUTOS = YES_AGGRESSIVE;
				GCC_WARN_UNUSED_FUNCTION = YES;
				GCC_WARN_UNUSED_VARIABLE = YES;
				IPHONEOS_DEPLOYMENT_TARGET = 15.0;
				MTL_ENABLE_DEBUG_INFO = INCLUDE_SOURCE;
				MTL_FAST_MATH = YES;
				ONLY_ACTIVE_ARCH = YES;
				PRODUCT_NAME = "$(TARGET_NAME)";
				SDKROOT = iphoneos;
				SWIFT_ACTIVE_COMPILATION_CONDITIONS = DEBUG;
				SWIFT_OPTIMIZATION_LEVEL = "-Onone";
				SWIFT_VERSION = 5.0;
			};
			name = Debug;
		};
/* End XCBuildConfiguration section */

/* Begin XCConfigurationList section */
		3F778A5D58B271B27B6A13EE /* Build configuration list for PBXNativeTarget "AppUITests" */ = {
			isa = XCConfigurationList;
			buildConfigurations = (
				1932487F2E9FB8ADDC383B96 /* Debug */,
				BD25F0BD6670BC892D41A30E /* Release */,
			);
			defaultConfigurationIsVisible = 0;
			defaultConfigurationName = Debug;
		};
		B3FD05C59F197F398A0B04AB /* Build configuration list for PBXProject "App" */ = {
			isa = XCConfigurationList;
			buildConfigurations = (
				F61063B78755D98B1B9C3697 /* Debug */,
				5C9EF0E6AF4F9491454DE177 /* Release */,
			);
			defaultConfigurationIsVisible = 0;
			defaultConfigurationName = Debug;
		};
		E5F9A71B7F6D259DCE5E1FD0 /* Build configuration list for PBXNativeTarget "AppTests" */ = {
			isa = XCConfigurationList;
			buildConfigurations = (
				E8D703594B18D360433E4667 /* Debug */,
				2EF40DF1E108E618D0D1371B /* Release */,
			);
			defaultConfigurationIsVisible = 0;
			defaultConfigurationName = Debug;
		};
		FFC1863BD4026D2C17CBE82B /* Build configuration list for PBXNativeTarget "App" */ = {
			isa = XCConfigurationList;
			buildConfigurations = (
				4A0C935808978B5A7673E412 /* Debug */,
				EB1CC3A930E09FEBECF9195D /* Release */,
			);
			defaultConfigurationIsVisible = 0;
			defaultConfigurationName = Debug;
		};
/* End XCConfigurationList section */

/* Begin XCLocalSwiftPackageReference section */
		397805CC4E683B158816CC6E /* XCLocalSwiftPackageReference "CapApp-SPM" */ = {
			isa = XCLocalSwiftPackageReference;
			relativePath = "CapApp-SPM";
		};
/* End XCLocalSwiftPackageReference section */

/* Begin XCSwiftPackageProductDependency section */
		FD127B870EFB46EFAC91834E /* CapApp-SPM */ = {
			isa = XCSwiftPackageProductDependency;
			productName = "CapApp-SPM";
		};
/* End XCSwiftPackageProductDependency section */
	};
	rootObject = 6B590BF25178DC7D824D09CE /* Project object */;
}
